{
  "name": "test",
  "version": "1.0.0",
  "lockfileVersion": 1,
  "requires": true,
  "dependencies": {
    "fengnovotest": {
      "version": "1.0.0",
      "resolved": "https://registry.npmjs.org/fengnovotest/-/fengnovotest-1.0.0.tgz",
      "integrity": "sha512-wy9VuJESRZLvdX54p/SK8ljz06k9+ML5uVJtLr7G5v+EgQK2jgaYiEZ5kRQx0nVuWaJBiKxvS0i65kgS26LoKA=="
    },
    "hello-fengnovo": {
      "version": "1.0.0",
      "resolved": "https://registry.npmjs.org/hello-fengnovo/-/hello-fengnovo-1.0.0.tgz",
      "integrity": "sha1-MbDVt/apYx3zNaJovxMoYcStnSs="
    }
  }
}
